// !$*UTF8*$!
{
	archiveVersion = 1;
	classes = {
	};
	objectVersion = 50;
	objects = {

/* Begin PBXBuildFile section */
		60579535228ADC3900B99006 /* Setting.framework in Frameworks */ = {isa = PBXBuildFile; fileRef = 6057952B228ADC3800B99006 /* Setting.framework */; };
		6057953A228ADC3900B99006 /* SettingTests.swift in Sources */ = {isa = PBXBuildFile; fileRef = 60579539228ADC3900B99006 /* SettingTests.swift */; };
		6057953C228ADC3900B99006 /* Setting.h in Headers */ = {isa = PBXBuildFile; fileRef = 6057952E228ADC3800B99006 /* Setting.h */; settings = {ATTRIBUTES = (Public, ); }; };
		6057954D228ADD1C00B99006 /* AppDelegate.swift in Sources */ = {isa = PBXBuildFile; fileRef = 6057954C228ADD1C00B99006 /* AppDelegate.swift */; };
		6057954F228ADD1C00B99006 /* ViewController.swift in Sources */ = {isa = PBXBuildFile; fileRef = 6057954E228ADD1C00B99006 /* ViewController.swift */; };
		60579552228ADD1C00B99006 /* Main.storyboard in Resources */ = {isa = PBXBuildFile; fileRef = 60579550228ADD1C00B99006 /* Main.storyboard */; };
		60579554228ADD1D00B99006 /* Assets.xcassets in Resources */ = {isa = PBXBuildFile; fileRef = 60579553228ADD1D00B99006 /* Assets.xcassets */; };
		60579557228ADD1D00B99006 /* LaunchScreen.storyboard in Resources */ = {isa = PBXBuildFile; fileRef = 60579555228ADD1D00B99006 /* LaunchScreen.storyboard */; };
		60579562228ADD1E00B99006 /* LoginMuduleTests.swift in Sources */ = {isa = PBXBuildFile; fileRef = 60579561228ADD1E00B99006 /* LoginMuduleTests.swift */; };
		6057956D228ADD1E00B99006 /* LoginMuduleUITests.swift in Sources */ = {isa = PBXBuildFile; fileRef = 6057956C228ADD1E00B99006 /* LoginMuduleUITests.swift */; };
		60579579228ADF7200B99006 /* SettingController.swift in Sources */ = {isa = PBXBuildFile; fileRef = 60579578228ADF7200B99006 /* SettingController.swift */; };
		6057957A228AE17B00B99006 /* Setting.framework in Frameworks */ = {isa = PBXBuildFile; fileRef = 6057952B228ADC3800B99006 /* Setting.framework */; };
		6057957B228AE17B00B99006 /* Setting.framework in Embed Frameworks */ = {isa = PBXBuildFile; fileRef = 6057952B228ADC3800B99006 /* Setting.framework */; settings = {ATTRIBUTES = (CodeSignOnCopy, RemoveHeadersOnCopy, ); }; };
		60579580228AE18C00B99006 /* PQTools.framework in Frameworks */ = {isa = PBXBuildFile; fileRef = 6057957F228AE18C00B99006 /* PQTools.framework */; };
		60579581228AE18C00B99006 /* PQTools.framework in Embed Frameworks */ = {isa = PBXBuildFile; fileRef = 6057957F228AE18C00B99006 /* PQTools.framework */; settings = {ATTRIBUTES = (CodeSignOnCopy, RemoveHeadersOnCopy, ); }; };
/* End PBXBuildFile section */

/* Begin PBXContainerItemProxy section */
		60579536228ADC3900B99006 /* PBXContainerItemProxy */ = {
			isa = PBXContainerItemProxy;
			containerPortal = 60579522228ADC3800B99006 /* Project object */;
			proxyType = 1;
			remoteGlobalIDString = 6057952A228ADC3800B99006;
			remoteInfo = Setting;
		};
		6057955E228ADD1E00B99006 /* PBXContainerItemProxy */ = {
			isa = PBXContainerItemProxy;
			containerPortal = 60579522228ADC3800B99006 /* Project object */;
			proxyType = 1;
			remoteGlobalIDString = 60579549228ADD1B00B99006;
			remoteInfo = LoginMudule;
		};
		60579569228ADD1E00B99006 /* PBXContainerItemProxy */ = {
			isa = PBXContainerItemProxy;
			containerPortal = 60579522228ADC3800B99006 /* Project object */;
			proxyType = 1;
			remoteGlobalIDString = 60579549228ADD1B00B99006;
			remoteInfo = LoginMudule;
		};
		6057957C228AE17B00B99006 /* PBXContainerItemProxy */ = {
			isa = PBXContainerItemProxy;
			containerPortal = 60579522228ADC3800B99006 /* Project object */;
			proxyType = 1;
			remoteGlobalIDString = 6057952A228ADC3800B99006;
			remoteInfo = Setting;
		};
/* End PBXContainerItemProxy section */

/* Begin PBXCopyFilesBuildPhase section */
		6057957E228AE17B00B99006 /* Embed Frameworks */ = {
			isa = PBXCopyFilesBuildPhase;
			buildActionMask = 2147483647;
			dstPath = "";
			dstSubfolderSpec = 10;
			files = (
				6057957B228AE17B00B99006 /* Setting.framework in Embed Frameworks */,
				60579581228AE18C00B99006 /* PQTools.framework in Embed Frameworks */,
			);
			name = "Embed Frameworks";
			runOnlyForDeploymentPostprocessing = 0;
		};
/* End PBXCopyFilesBuildPhase section */

/* Begin PBXFileReference section */
		6057952B228ADC3800B99006 /* Setting.framework */ = {isa = PBXFileReference; explicitFileType = wrapper.framework; includeInIndex = 0; path = Setting.framework; sourceTree = BUILT_PRODUCTS_DIR; };
		6057952E228ADC3800B99006 /* Setting.h */ = {isa = PBXFileReference; lastKnownFileType = sourcecode.c.h; path = Setting.h; sourceTree = "<group>"; };
		6057952F228ADC3800B99006 /* Info.plist */ = {isa = PBXFileReference; lastKnownFileType = text.plist.xml; path = Info.plist; sourceTree = "<group>"; };
		60579534228ADC3900B99006 /* SettingTests.xctest */ = {isa = PBXFileReference; explicitFileType = wrapper.cfbundle; includeInIndex = 0; path = SettingTests.xctest; sourceTree = BUILT_PRODUCTS_DIR; };
		60579539228ADC3900B99006 /* SettingTests.swift */ = {isa = PBXFileReference; lastKnownFileType = sourcecode.swift; path = SettingTests.swift; sourceTree = "<group>"; };
		6057953B228ADC3900B99006 /* Info.plist */ = {isa = PBXFileReference; lastKnownFileType = text.plist.xml; path = Info.plist; sourceTree = "<group>"; };
		6057954A228ADD1B00B99006 /* LoginMudule.app */ = {isa = PBXFileReference; explicitFileType = wrapper.application; includeInIndex = 0; path = LoginMudule.app; sourceTree = BUILT_PRODUCTS_DIR; };
		6057954C228ADD1C00B99006 /* AppDelegate.swift */ = {isa = PBXFileReference; lastKnownFileType = sourcecode.swift; path = AppDelegate.swift; sourceTree = "<group>"; };
		6057954E228ADD1C00B99006 /* ViewController.swift */ = {isa = PBXFileReference; lastKnownFileType = sourcecode.swift; path = ViewController.swift; sourceTree = "<group>"; };
		60579551228ADD1C00B99006 /* Base */ = {isa = PBXFileReference; lastKnownFileType = file.storyboard; name = Base; path = Base.lproj/Main.storyboard; sourceTree = "<group>"; };
		60579553228ADD1D00B99006 /* Assets.xcassets */ = {isa = PBXFileReference; lastKnownFileType = folder.assetcatalog; path = Assets.xcassets; sourceTree = "<group>"; };
		60579556228ADD1D00B99006 /* Base */ = {isa = PBXFileReference; lastKnownFileType = file.storyboard; name = Base; path = Base.lproj/LaunchScreen.storyboard; sourceTree = "<group>"; };
		60579558228ADD1D00B99006 /* Info.plist */ = {isa = PBXFileReference; lastKnownFileType = text.plist.xml; path = Info.plist; sourceTree = "<group>"; };
		6057955D228ADD1D00B99006 /* LoginMuduleTests.xctest */ = {isa = PBXFileReference; explicitFileType = wrapper.cfbundle; includeInIndex = 0; path = LoginMuduleTests.xctest; sourceTree = BUILT_PRODUCTS_DIR; };
		60579561228ADD1E00B99006 /* LoginMuduleTests.swift */ = {isa = PBXFileReference; lastKnownFileType = sourcecode.swift; path = LoginMuduleTests.swift; sourceTree = "<group>"; };
		60579563228ADD1E00B99006 /* Info.plist */ = {isa = PBXFileReference; lastKnownFileType = text.plist.xml; path = Info.plist; sourceTree = "<group>"; };
		60579568228ADD1E00B99006 /* LoginMuduleUITests.xctest */ = {isa = PBXFileReference; explicitFileType = wrapper.cfbundle; includeInIndex = 0; path = LoginMuduleUITests.xctest; sourceTree = BUILT_PRODUCTS_DIR; };
		6057956C228ADD1E00B99006 /* LoginMuduleUITests.swift */ = {isa = PBXFileReference; lastKnownFileType = sourcecode.swift; path = LoginMuduleUITests.swift; sourceTree = "<group>"; };
		6057956E228ADD1E00B99006 /* Info.plist */ = {isa = PBXFileReference; lastKnownFileType = text.plist.xml; path = Info.plist; sourceTree = "<group>"; };
		60579578228ADF7200B99006 /* SettingController.swift */ = {isa = PBXFileReference; lastKnownFileType = sourcecode.swift; path = SettingController.swift; sourceTree = "<group>"; };
		6057957F228AE18C00B99006 /* PQTools.framework */ = {isa = PBXFileReference; lastKnownFileType = wrapper.framework; name = PQTools.framework; path = Carthage/Build/iOS/PQTools.framework; sourceTree = "<group>"; };
/* End PBXFileReference section */

/* Begin PBXFrameworksBuildPhase section */
		60579528228ADC3800B99006 /* Frameworks */ = {
			isa = PBXFrameworksBuildPhase;
			buildActionMask = 2147483647;
			files = (
			);
			runOnlyForDeploymentPostprocessing = 0;
		};
		60579531228ADC3900B99006 /* Frameworks */ = {
			isa = PBXFrameworksBuildPhase;
			buildActionMask = 2147483647;
			files = (
				60579535228ADC3900B99006 /* Setting.framework in Frameworks */,
			);
			runOnlyForDeploymentPostprocessing = 0;
		};
		60579547228ADD1B00B99006 /* Frameworks */ = {
			isa = PBXFrameworksBuildPhase;
			buildActionMask = 2147483647;
			files = (
				6057957A228AE17B00B99006 /* Setting.framework in Frameworks */,
				60579580228AE18C00B99006 /* PQTools.framework in Frameworks */,
			);
			runOnlyForDeploymentPostprocessing = 0;
		};
		6057955A228ADD1D00B99006 /* Frameworks */ = {
			isa = PBXFrameworksBuildPhase;
			buildActionMask = 2147483647;
			files = (
			);
			runOnlyForDeploymentPostprocessing = 0;
		};
		60579565228ADD1E00B99006 /* Frameworks */ = {
			isa = PBXFrameworksBuildPhase;
			buildActionMask = 2147483647;
			files = (
			);
			runOnlyForDeploymentPostprocessing = 0;
		};
/* End PBXFrameworksBuildPhase section */

/* Begin PBXGroup section */
		60579521228ADC3800B99006 = {
			isa = PBXGroup;
			children = (
				6057957F228AE18C00B99006 /* PQTools.framework */,
				60579545228ADCFD00B99006 /* Example */,
				6057952D228ADC3800B99006 /* Setting */,
				60579538228ADC3900B99006 /* SettingTests */,
				6057952C228ADC3800B99006 /* Products */,
			);
			sourceTree = "<group>";
		};
		6057952C228ADC3800B99006 /* Products */ = {
			isa = PBXGroup;
			children = (
				6057952B228ADC3800B99006 /* Setting.framework */,
				60579534228ADC3900B99006 /* SettingTests.xctest */,
				6057954A228ADD1B00B99006 /* LoginMudule.app */,
				6057955D228ADD1D00B99006 /* LoginMuduleTests.xctest */,
				60579568228ADD1E00B99006 /* LoginMuduleUITests.xctest */,
			);
			name = Products;
			sourceTree = "<group>";
		};
		6057952D228ADC3800B99006 /* Setting */ = {
			isa = PBXGroup;
			children = (
				6057952E228ADC3800B99006 /* Setting.h */,
				6057952F228ADC3800B99006 /* Info.plist */,
				60579578228ADF7200B99006 /* SettingController.swift */,
			);
			path = Setting;
			sourceTree = "<group>";
		};
		60579538228ADC3900B99006 /* SettingTests */ = {
			isa = PBXGroup;
			children = (
				60579539228ADC3900B99006 /* SettingTests.swift */,
				6057953B228ADC3900B99006 /* Info.plist */,
			);
			path = SettingTests;
			sourceTree = "<group>";
		};
		60579545228ADCFD00B99006 /* Example */ = {
			isa = PBXGroup;
			children = (
				6057954B228ADD1C00B99006 /* LoginMudule */,
				60579560228ADD1E00B99006 /* LoginMuduleTests */,
				6057956B228ADD1E00B99006 /* LoginMuduleUITests */,
			);
			name = Example;
			sourceTree = "<group>";
		};
		6057954B228ADD1C00B99006 /* LoginMudule */ = {
			isa = PBXGroup;
			children = (
				6057954C228ADD1C00B99006 /* AppDelegate.swift */,
				6057954E228ADD1C00B99006 /* ViewController.swift */,
				60579550228ADD1C00B99006 /* Main.storyboard */,
				60579553228ADD1D00B99006 /* Assets.xcassets */,
				60579555228ADD1D00B99006 /* LaunchScreen.storyboard */,
				60579558228ADD1D00B99006 /* Info.plist */,
			);
			path = LoginMudule;
			sourceTree = "<group>";
		};
		60579560228ADD1E00B99006 /* LoginMuduleTests */ = {
			isa = PBXGroup;
			children = (
				60579561228ADD1E00B99006 /* LoginMuduleTests.swift */,
				60579563228ADD1E00B99006 /* Info.plist */,
			);
			path = LoginMuduleTests;
			sourceTree = "<group>";
		};
		6057956B228ADD1E00B99006 /* LoginMuduleUITests */ = {
			isa = PBXGroup;
			children = (
				6057956C228ADD1E00B99006 /* LoginMuduleUITests.swift */,
				6057956E228ADD1E00B99006 /* Info.plist */,
			);
			path = LoginMuduleUITests;
			sourceTree = "<group>";
		};
/* End PBXGroup section */

/* Begin PBXHeadersBuildPhase section */
		60579526228ADC3800B99006 /* Headers */ = {
			isa = PBXHeadersBuildPhase;
			buildActionMask = 2147483647;
			files = (
				6057953C228ADC3900B99006 /* Setting.h in Headers */,
			);
			runOnlyForDeploymentPostprocessing = 0;
		};
/* End PBXHeadersBuildPhase section */

/* Begin PBXNativeTarget section */
		6057952A228ADC3800B99006 /* Setting */ = {
			isa = PBXNativeTarget;
			buildConfigurationList = 6057953F228ADC3900B99006 /* Build configuration list for PBXNativeTarget "Setting" */;
			buildPhases = (
				60579526228ADC3800B99006 /* Headers */,
				60579527228ADC3800B99006 /* Sources */,
				60579528228ADC3800B99006 /* Frameworks */,
				60579529228ADC3800B99006 /* Resources */,
			);
			buildRules = (
			);
			dependencies = (
			);
			name = Setting;
			productName = Setting;
			productReference = 6057952B228ADC3800B99006 /* Setting.framework */;
			productType = "com.apple.product-type.framework";
		};
		60579533228ADC3900B99006 /* SettingTests */ = {
			isa = PBXNativeTarget;
			buildConfigurationList = 60579542228ADC3900B99006 /* Build configuration list for PBXNativeTarget "SettingTests" */;
			buildPhases = (
				60579530228ADC3900B99006 /* Sources */,
				60579531228ADC3900B99006 /* Frameworks */,
				60579532228ADC3900B99006 /* Resources */,
			);
			buildRules = (
			);
			dependencies = (
				60579537228ADC3900B99006 /* PBXTargetDependency */,
			);
			name = SettingTests;
			productName = SettingTests;
			productReference = 60579534228ADC3900B99006 /* SettingTests.xctest */;
			productType = "com.apple.product-type.bundle.unit-test";
		};
		60579549228ADD1B00B99006 /* LoginMudule */ = {
			isa = PBXNativeTarget;
			buildConfigurationList = 6057956F228ADD1E00B99006 /* Build configuration list for PBXNativeTarget "LoginMudule" */;
			buildPhases = (
				60579546228ADD1B00B99006 /* Sources */,
				60579547228ADD1B00B99006 /* Frameworks */,
				60579548228ADD1B00B99006 /* Resources */,
				6057957E228AE17B00B99006 /* Embed Frameworks */,
			);
			buildRules = (
			);
			dependencies = (
				6057957D228AE17B00B99006 /* PBXTargetDependency */,
			);
			name = LoginMudule;
			productName = LoginMudule;
			productReference = 6057954A228ADD1B00B99006 /* LoginMudule.app */;
			productType = "com.apple.product-type.application";
		};
		6057955C228ADD1D00B99006 /* LoginMuduleTests */ = {
			isa = PBXNativeTarget;
			buildConfigurationList = 60579572228ADD1E00B99006 /* Build configuration list for PBXNativeTarget "LoginMuduleTests" */;
			buildPhases = (
				60579559228ADD1D00B99006 /* Sources */,
				6057955A228ADD1D00B99006 /* Frameworks */,
				6057955B228ADD1D00B99006 /* Resources */,
			);
			buildRules = (
			);
			dependencies = (
				6057955F228ADD1E00B99006 /* PBXTargetDependency */,
			);
			name = LoginMuduleTests;
			productName = LoginMuduleTests;
			productReference = 6057955D228ADD1D00B99006 /* LoginMuduleTests.xctest */;
			productType = "com.apple.product-type.bundle.unit-test";
		};
		60579567228ADD1E00B99006 /* LoginMuduleUITests */ = {
			isa = PBXNativeTarget;
			buildConfigurationList = 60579575228ADD1E00B99006 /* Build configuration list for PBXNativeTarget "LoginMuduleUITests" */;
			buildPhases = (
				60579564228ADD1E00B99006 /* Sources */,
				60579565228ADD1E00B99006 /* Frameworks */,
				60579566228ADD1E00B99006 /* Resources */,
			);
			buildRules = (
			);
			dependencies = (
				6057956A228ADD1E00B99006 /* PBXTargetDependency */,
			);
			name = LoginMuduleUITests;
			productName = LoginMuduleUITests;
			productReference = 60579568228ADD1E00B99006 /* LoginMuduleUITests.xctest */;
			productType = "com.apple.product-type.bundle.ui-testing";
		};
/* End PBXNativeTarget section */

/* Begin PBXProject section */
		60579522228ADC3800B99006 /* Project object */ = {
			isa = PBXProject;
			attributes = {
				LastSwiftUpdateCheck = 1020;
				LastUpgradeCheck = 1020;
				ORGANIZATIONNAME = pgq;
				TargetAttributes = {
					6057952A228ADC3800B99006 = {
						CreatedOnToolsVersion = 10.2;
						LastSwiftMigration = 1020;
					};
					60579533228ADC3900B99006 = {
						CreatedOnToolsVersion = 10.2;
					};
					60579549228ADD1B00B99006 = {
						CreatedOnToolsVersion = 10.2;
					};
					6057955C228ADD1D00B99006 = {
						CreatedOnToolsVersion = 10.2;
						TestTargetID = 60579549228ADD1B00B99006;
					};
					60579567228ADD1E00B99006 = {
						CreatedOnToolsVersion = 10.2;
						TestTargetID = 60579549228ADD1B00B99006;
					};
				};
			};
			buildConfigurationList = 60579525228ADC3800B99006 /* Build configuration list for PBXProject "Setting" */;
			compatibilityVersion = "Xcode 9.3";
			developmentRegion = en;
			hasScannedForEncodings = 0;
			knownRegions = (
				en,
				Base,
			);
			mainGroup = 60579521228ADC3800B99006;
			productRefGroup = 6057952C228ADC3800B99006 /* Products */;
			projectDirPath = "";
			projectRoot = "";
			targets = (
				6057952A228ADC3800B99006 /* Setting */,
				60579533228ADC3900B99006 /* SettingTests */,
				60579549228ADD1B00B99006 /* LoginMudule */,
				6057955C228ADD1D00B99006 /* LoginMuduleTests */,
				60579567228ADD1E00B99006 /* LoginMuduleUITests */,
			);
		};
/* End PBXProject section */

/* Begin PBXResourcesBuildPhase section */
		60579529228ADC3800B99006 /* Resources */ = {
			isa = PBXResourcesBuildPhase;
			buildActionMask = 2147483647;
			files = (
			);
			runOnlyForDeploymentPostprocessing = 0;
		};
		60579532228ADC3900B99006 /* Resources */ = {
			isa = PBXResourcesBuildPhase;
			buildActionMask = 2147483647;
			files = (
			);
			runOnlyForDeploymentPostprocessing = 0;
		};
		60579548228ADD1B00B99006 /* Resources */ = {
			isa = PBXResourcesBuildPhase;
			buildActionMask = 2147483647;
			files = (
				60579557228ADD1D00B99006 /* LaunchScreen.storyboard in Resources */,
				60579554228ADD1D00B99006 /* Assets.xcassets in Resources */,
				60579552228ADD1C00B99006 /* Main.storyboard in Resources */,
			);
			runOnlyForDeploymentPostprocessing = 0;
		};
		6057955B228ADD1D00B99006 /* Resources */ = {
			isa = PBXResourcesBuildPhase;
			buildActionMask = 2147483647;
			files = (
			);
			runOnlyForDeploymentPostprocessing = 0;
		};
		60579566228ADD1E00B99006 /* Resources */ = {
			isa = PBXResourcesBuildPhase;
			buildActionMask = 2147483647;
			files = (
			);
			runOnlyForDeploymentPostprocessing = 0;
		};
/* End PBXResourcesBuildPhase section */

/* Begin PBXSourcesBuildPhase section */
		60579527228ADC3800B99006 /* Sources */ = {
			isa = PBXSourcesBuildPhase;
			buildActionMask = 2147483647;
			files = (
				60579579228ADF7200B99006 /* SettingController.swift in Sources */,
			);
			runOnlyForDeploymentPostprocessing = 0;
		};
		60579530228ADC3900B99006 /* Sources */ = {
			isa = PBXSourcesBuildPhase;
			buildActionMask = 2147483647;
			files = (
				6057953A228ADC3900B99006 /* SettingTests.swift in Sources */,
			);
			runOnlyForDeploymentPostprocessing = 0;
		};
		60579546228ADD1B00B99006 /* Sources */ = {
			isa = PBXSourcesBuildPhase;
			buildActionMask = 2147483647;
			files = (
				6057954F228ADD1C00B99006 /* ViewController.swift in Sources */,
				6057954D228ADD1C00B99006 /* AppDelegate.swift in Sources */,
			);
			runOnlyForDeploymentPostprocessing = 0;
		};
		60579559228ADD1D00B99006 /* Sources */ = {
			isa = PBXSourcesBuildPhase;
			buildActionMask = 2147483647;
			files = (
				60579562228ADD1E00B99006 /* LoginMuduleTests.swift in Sources */,
			);
			runOnlyForDeploymentPostprocessing = 0;
		};
		60579564228ADD1E00B99006 /* Sources */ = {
			isa = PBXSourcesBuildPhase;
			buildActionMask = 2147483647;
			files = (
				6057956D228ADD1E00B99006 /* LoginMuduleUITests.swift in Sources */,
			);
			runOnlyForDeploymentPostprocessing = 0;
		};
/* End PBXSourcesBuildPhase section */

/* Begin PBXTargetDependency section */
		60579537228ADC3900B99006 /* PBXTargetDependency */ = {
			isa = PBXTargetDependency;
			target = 6057952A228ADC3800B99006 /* Setting */;
			targetProxy = 60579536228ADC3900B99006 /* PBXContainerItemProxy */;
		};
		6057955F228ADD1E00B99006 /* PBXTargetDependency */ = {
			isa = PBXTargetDependency;
			target = 60579549228ADD1B00B99006 /* LoginMudule */;
			targetProxy = 6057955E228ADD1E00B99006 /* PBXContainerItemProxy */;
		};
		6057956A228ADD1E00B99006 /* PBXTargetDependency */ = {
			isa = PBXTargetDependency;
			target = 60579549228ADD1B00B99006 /* LoginMudule */;
			targetProxy = 60579569228ADD1E00B99006 /* PBXContainerItemProxy */;
		};
		6057957D228AE17B00B99006 /* PBXTargetDependency */ = {
			isa = PBXTargetDependency;
			target = 6057952A228ADC3800B99006 /* Setting */;
			targetProxy = 6057957C228AE17B00B99006 /* PBXContainerItemProxy */;
		};
/* End PBXTargetDependency section */

/* Begin PBXVariantGroup section */
		60579550228ADD1C00B99006 /* Main.storyboard */ = {
			isa = PBXVariantGroup;
			children = (
				60579551228ADD1C00B99006 /* Base */,
			);
			name = Main.storyboard;
			sourceTree = "<group>";
		};
		60579555228ADD1D00B99006 /* LaunchScreen.storyboard */ = {
			isa = PBXVariantGroup;
			children = (
				60579556228ADD1D00B99006 /* Base */,
			);
			name = LaunchScreen.storyboard;
			sourceTree = "<group>";
		};
/* End PBXVariantGroup section */

/* Begin XCBuildConfiguration section */
		6057953D228ADC3900B99006 /* Debug */ = {
			isa = XCBuildConfiguration;
			buildSettings = {
				ALWAYS_SEARCH_USER_PATHS = NO;
				CLANG_ANALYZER_NONNULL = YES;
				CLANG_ANALYZER_NUMBER_OBJECT_CONVERSION = YES_AGGRESSIVE;
				CLANG_CXX_LANGUAGE_STANDARD = "gnu++14";
				CLANG_CXX_LIBRARY = "libc++";
				CLANG_ENABLE_MODULES = YES;
				CLANG_ENABLE_OBJC_ARC = YES;
				CLANG_ENABLE_OBJC_WEAK = YES;
				CLANG_WARN_BLOCK_CAPTURE_AUTORELEASING = YES;
				CLANG_WARN_BOOL_CONVERSION = YES;
				CLANG_WARN_COMMA = YES;
				CLANG_WARN_CONSTANT_CONVERSION = YES;
				CLANG_WARN_DEPRECATED_OBJC_IMPLEMENTATIONS = YES;
				CLANG_WARN_DIRECT_OBJC_ISA_USAGE = YES_ERROR;
				CLANG_WARN_DOCUMENTATION_COMMENTS = YES;
				CLANG_WARN_EMPTY_BODY = YES;
				CLANG_WARN_ENUM_CONVERSION = YES;
				CLANG_WARN_INFINITE_RECURSION = YES;
				CLANG_WARN_INT_CONVERSION = YES;
				CLANG_WARN_NON_LITERAL_NULL_CONVERSION = YES;
				CLANG_WARN_OBJC_IMPLICIT_RETAIN_SELF = YES;
				CLANG_WARN_OBJC_LITERAL_CONVERSION = YES;
				CLANG_WARN_OBJC_ROOT_CLASS = YES_ERROR;
				CLANG_WARN_RANGE_LOOP_ANALYSIS = YES;
				CLANG_WARN_STRICT_PROTOTYPES = YES;
				CLANG_WARN_SUSPICIOUS_MOVE = YES;
				CLANG_WARN_UNGUARDED_AVAILABILITY = YES_AGGRESSIVE;
				CLANG_WARN_UNREACHABLE_CODE = YES;
				CLANG_WARN__DUPLICATE_METHOD_MATCH = YES;
				CODE_SIGN_IDENTITY = "iPhone Developer";
				COPY_PHASE_STRIP = NO;
				CURRENT_PROJECT_VERSION = 1;
				DEBUG_INFORMATION_FORMAT = dwarf;
				ENABLE_STRICT_OBJC_MSGSEND = YES;
				ENABLE_TESTABILITY = YES;
				GCC_C_LANGUAGE_STANDARD = gnu11;
				GCC_DYNAMIC_NO_PIC = NO;
				GCC_NO_COMMON_BLOCKS = YES;
				GCC_OPTIMIZATION_LEVEL = 0;
				GCC_PREPROCESSOR_DEFINITIONS = (
					"DEBUG=1",
					"$(inherited)",
				);
				GCC_WARN_64_TO_32_BIT_CONVERSION = YES;
				GCC_WARN_ABOUT_RETURN_TYPE = YES_ERROR;
				GCC_WARN_UNDECLARED_SELECTOR = YES;
				GCC_WARN_UNINITIALIZED_AUTOS = YES_AGGRESSIVE;
				GCC_WARN_UNUSED_FUNCTION = YES;
				GCC_WARN_UNUSED_VARIABLE = YES;
				IPHONEOS_DEPLOYMENT_TARGET = 12.2;
				MTL_ENABLE_DEBUG_INFO = INCLUDE_SOURCE;
				MTL_FAST_MATH = YES;
				ONLY_ACTIVE_ARCH = YES;
				SDKROOT = iphoneos;
				SWIFT_ACTIVE_COMPILATION_CONDITIONS = DEBUG;
				SWIFT_OPTIMIZATION_LEVEL = "-Onone";
				VERSIONING_SYSTEM = "apple-generic";
				VERSION_INFO_PREFIX = "";
			};
			name = Debug;
		};
		6057953E228ADC3900B99006 /* Release */ = {
			isa = XCBuildConfiguration;
			buildSettings = {
				ALWAYS_SEARCH_USER_PATHS = NO;
				CLANG_ANALYZER_NONNULL = YES;
				CLANG_ANALYZER_NUMBER_OBJECT_CONVERSION = YES_AGGRESSIVE;
				CLANG_CXX_LANGUAGE_STANDARD = "gnu++14";
				CLANG_CXX_LIBRARY = "libc++";
				CLANG_ENABLE_MODULES = YES;
				CLANG_ENABLE_OBJC_ARC = YES;
				CLANG_ENABLE_OBJC_WEAK = YES;
				CLANG_WARN_BLOCK_CAPTURE_AUTORELEASING = YES;
				CLANG_WARN_BOOL_CONVERSION = YES;
				CLANG_WARN_COMMA = YES;
				CLANG_WARN_CONSTANT_CONVERSION = YES;
				CLANG_WARN_DEPRECATED_OBJC_IMPLEMENTATIONS = YES;
				CLANG_WARN_DIRECT_OBJC_ISA_USAGE = YES_ERROR;
				CLANG_WARN_DOCUMENTATION_COMMENTS = YES;
				CLANG_WARN_EMPTY_BODY = YES;
				CLANG_WARN_ENUM_CONVERSION = YES;
				CLANG_WARN_INFINITE_RECURSION = YES;
				CLANG_WARN_INT_CONVERSION = YES;
				CLANG_WARN_NON_LITERAL_NULL_CONVERSION = YES;
				CLANG_WARN_OBJC_IMPLICIT_RETAIN_SELF = YES;
				CLANG_WARN_OBJC_LITERAL_CONVERSION = YES;
				CLANG_WARN_OBJC_ROOT_CLASS = YES_ERROR;
				CLANG_WARN_RANGE_LOOP_ANALYSIS = YES;
				CLANG_WARN_STRICT_PROTOTYPES = YES;
				CLANG_WARN_SUSPICIOUS_MOVE = YES;
				CLANG_WARN_UNGUARDED_AVAILABILITY = YES_AGGRESSIVE;
				CLANG_WARN_UNREACHABLE_CODE = YES;
				CLANG_WARN__DUPLICATE_METHOD_MATCH = YES;
				CODE_SIGN_IDENTITY = "iPhone Developer";
				COPY_PHASE_STRIP = NO;
				CURRENT_PROJECT_VERSION = 1;
				DEBUG_INFORMATION_FORMAT = "dwarf-with-dsym";
				ENABLE_NS_ASSERTIONS = NO;
				ENABLE_STRICT_OBJC_MSGSEND = YES;
				GCC_C_LANGUAGE_STANDARD = gnu11;
				GCC_NO_COMMON_BLOCKS = YES;
				GCC_WARN_64_TO_32_BIT_CONVERSION = YES;
				GCC_WARN_ABOUT_RETURN_TYPE = YES_ERROR;
				GCC_WARN_UNDECLARED_SELECTOR = YES;
				GCC_WARN_UNINITIALIZED_AUTOS = YES_AGGRESSIVE;
				GCC_WARN_UNUSED_FUNCTION = YES;
				GCC_WARN_UNUSED_VARIABLE = YES;
				IPHONEOS_DEPLOYMENT_TARGET = 12.2;
				MTL_ENABLE_DEBUG_INFO = NO;
				MTL_FAST_MATH = YES;
				SDKROOT = iphoneos;
				SWIFT_COMPILATION_MODE = wholemodule;
				SWIFT_OPTIMIZATION_LEVEL = "-O";
				VALIDATE_PRODUCT = YES;
				VERSIONING_SYSTEM = "apple-generic";
				VERSION_INFO_PREFIX = "";
			};
			name = Release;
		};
		60579540228ADC3900B99006 /* Debug */ = {
			isa = XCBuildConfiguration;
			buildSettings = {
				CLANG_ENABLE_MODULES = YES;
				CODE_SIGN_IDENTITY = "";
				CODE_SIGN_STYLE = Automatic;
				DEFINES_MODULE = YES;
				DEVELOPMENT_TEAM = B2BXA8AH8F;
				DYLIB_COMPATIBILITY_VERSION = 1;
				DYLIB_CURRENT_VERSION = 1;
				DYLIB_INSTALL_NAME_BASE = "@rpath";
				FRAMEWORK_SEARCH_PATHS = "$(PROJECT_DIR)/Carthage/Build/iOS";
				INFOPLIST_FILE = Setting/Info.plist;
				INSTALL_PATH = "$(LOCAL_LIBRARY_DIR)/Frameworks";
				IPHONEOS_DEPLOYMENT_TARGET = 9.0;
				LD_RUNPATH_SEARCH_PATHS = (
					"$(inherited)",
					"@executable_path/Frameworks",
					"@loader_path/Frameworks",
				);
				PRODUCT_BUNDLE_IDENTIFIER = codepgq.Setting;
				PRODUCT_NAME = "$(TARGET_NAME:c99extidentifier)";
				SKIP_INSTALL = YES;
				SWIFT_OPTIMIZATION_LEVEL = "-Onone";
				SWIFT_VERSION = 5.0;
				TARGETED_DEVICE_FAMILY = "1,2";
			};
			name = Debug;
		};
		60579541228ADC3900B99006 /* Release */ = {
			isa = XCBuildConfiguration;
			buildSettings = {
				CLANG_ENABLE_MODULES = YES;
				CODE_SIGN_IDENTITY = "";
				CODE_SIGN_STYLE = Automatic;
				DEFINES_MODULE = YES;
				DEVELOPMENT_TEAM = B2BXA8AH8F;
				DYLIB_COMPATIBILITY_VERSION = 1;
				DYLIB_CURRENT_VERSION = 1;
				DYLIB_INSTALL_NAME_BASE = "@rpath";
				FRAMEWORK_SEARCH_PATHS = "$(PROJECT_DIR)/Carthage/Build/iOS";
				INFOPLIST_FILE = Setting/Info.plist;
				INSTALL_PATH = "$(LOCAL_LIBRARY_DIR)/Frameworks";
				IPHONEOS_DEPLOYMENT_TARGET = 9.0;
				LD_RUNPATH_SEARCH_PATHS = (
					"$(inherited)",
					"@executable_path/Frameworks",
					"@loader_path/Frameworks",
				);
				PRODUCT_BUNDLE_IDENTIFIER = codepgq.Setting;
				PRODUCT_NAME = "$(TARGET_NAME:c99extidentifier)";
				SKIP_INSTALL = YES;
				SWIFT_VERSION = 5.0;
				TARGETED_DEVICE_FAMILY = "1,2";
			};
			name = Release;
		};
		60579543228ADC3900B99006 /* Debug */ = {
			isa = XCBuildConfiguration;
			buildSettings = {
				ALWAYS_EMBED_SWIFT_STANDARD_LIBRARIES = YES;
				CODE_SIGN_STYLE = Automatic;
				DEVELOPMENT_TEAM = B2BXA8AH8F;
				INFOPLIST_FILE = SettingTests/Info.plist;
				LD_RUNPATH_SEARCH_PATHS = (
					"$(inherited)",
					"@executable_path/Frameworks",
					"@loader_path/Frameworks",
				);
				PRODUCT_BUNDLE_IDENTIFIER = codepgq.SettingTests;
				PRODUCT_NAME = "$(TARGET_NAME)";
				SWIFT_VERSION = 5.0;
				TARGETED_DEVICE_FAMILY = "1,2";
			};
			name = Debug;
		};
		60579544228ADC3900B99006 /* Release */ = {
			isa = XCBuildConfiguration;
			buildSettings = {
				ALWAYS_EMBED_SWIFT_STANDARD_LIBRARIES = YES;
				CODE_SIGN_STYLE = Automatic;
				DEVELOPMENT_TEAM = B2BXA8AH8F;
				INFOPLIST_FILE = SettingTests/Info.plist;
				LD_RUNPATH_SEARCH_PATHS = (
					"$(inherited)",
					"@executable_path/Frameworks",
					"@loader_path/Frameworks",
				);
				PRODUCT_BUNDLE_IDENTIFIER = codepgq.SettingTests;
				PRODUCT_NAME = "$(TARGET_NAME)";
				SWIFT_VERSION = 5.0;
				TARGETED_DEVICE_FAMILY = "1,2";
			};
			name = Release;
		};
		60579570228ADD1E00B99006 /* Debug */ = {
			isa = XCBuildConfiguration;
			buildSettings = {
				ALWAYS_EMBED_SWIFT_STANDARD_LIBRARIES = YES;
				ASSETCATALOG_COMPILER_APPICON_NAME = AppIcon;
				CODE_SIGN_STYLE = Automatic;
				DEVELOPMENT_TEAM = B2BXA8AH8F;
				FRAMEWORK_SEARCH_PATHS = (
					"$(inherited)",
					"$(PROJECT_DIR)/Carthage/Build/iOS",
				);
				INFOPLIST_FILE = LoginMudule/Info.plist;
				LD_RUNPATH_SEARCH_PATHS = (
					"$(inherited)",
					"@executable_path/Frameworks",
				);
				PRODUCT_BUNDLE_IDENTIFIER = codepgq.LoginMudule;
				PRODUCT_NAME = "$(TARGET_NAME)";
				SWIFT_VERSION = 5.0;
				TARGETED_DEVICE_FAMILY = "1,2";
			};
			name = Debug;
		};
		60579571228ADD1E00B99006 /* Release */ = {
			isa = XCBuildConfiguration;
			buildSettings = {
				ALWAYS_EMBED_SWIFT_STANDARD_LIBRARIES = YES;
				ASSETCATALOG_COMPILER_APPICON_NAME = AppIcon;
				CODE_SIGN_STYLE = Automatic;
				DEVELOPMENT_TEAM = B2BXA8AH8F;
				FRAMEWORK_SEARCH_PATHS = (
					"$(inherited)",
					"$(PROJECT_DIR)/Carthage/Build/iOS",
				);
				INFOPLIST_FILE = LoginMudule/Info.plist;
				LD_RUNPATH_SEARCH_PATHS = (
					"$(inherited)",
					"@executable_path/Frameworks",
				);
				PRODUCT_BUNDLE_IDENTIFIER = codepgq.LoginMudule;
				PRODUCT_NAME = "$(TARGET_NAME)";
				SWIFT_VERSION = 5.0;
				TARGETED_DEVICE_FAMILY = "1,2";
			};
			name = Release;
		};
		60579573228ADD1E00B99006 /* Debug */ = {
			isa = XCBuildConfiguration;
			buildSettings = {
				ALWAYS_EMBED_SWIFT_STANDARD_LIBRARIES = YES;
				BUNDLE_LOADER = "$(TEST_HOST)";
				CODE_SIGN_STYLE = Automatic;
				DEVELOPMENT_TEAM = B2BXA8AH8F;
				INFOPLIST_FILE = LoginMuduleTests/Info.plist;
				LD_RUNPATH_SEARCH_PATHS = (
					"$(inherited)",
					"@executable_path/Frameworks",
					"@loader_path/Frameworks",
				);
				PRODUCT_BUNDLE_IDENTIFIER = codepgq.LoginMuduleTests;
				PRODUCT_NAME = "$(TARGET_NAME)";
				SWIFT_VERSION = 5.0;
				TARGETED_DEVICE_FAMILY = "1,2";
				TEST_HOST = "$(BUILT_PRODUCTS_DIR)/LoginMudule.app/LoginMudule";
			};
			name = Debug;
		};
		60579574228ADD1E00B99006 /* Release */ = {
			isa = XCBuildConfiguration;
			buildSettings = {
				ALWAYS_EMBED_SWIFT_STANDARD_LIBRARIES = YES;
				BUNDLE_LOADER = "$(TEST_HOST)";
				CODE_SIGN_STYLE = Automatic;
				DEVELOPMENT_TEAM = B2BXA8AH8F;
				INFOPLIST_FILE = LoginMuduleTests/Info.plist;
				LD_RUNPATH_SEARCH_PATHS = (
					"$(inherited)",
					"@executable_path/Frameworks",
					"@loader_path/Frameworks",
				);
				PRODUCT_BUNDLE_IDENTIFIER = codepgq.LoginMuduleTests;
				PRODUCT_NAME = "$(TARGET_NAME)";
				SWIFT_VERSION = 5.0;
				TARGETED_DEVICE_FAMILY = "1,2";
				TEST_HOST = "$(BUILT_PRODUCTS_DIR)/LoginMudule.app/LoginMudule";
			};
			name = Release;
		};
		60579576228ADD1E00B99006 /* Debug */ = {
			isa = XCBuildConfiguration;
			buildSettings = {
				ALWAYS_EMBED_SWIFT_STANDARD_LIBRARIES = YES;
				CODE_SIGN_STYLE = Automatic;
				DEVELOPMENT_TEAM = B2BXA8AH8F;
				INFOPLIST_FILE = LoginMuduleUITests/Info.plist;
				LD_RUNPATH_SEARCH_PATHS = (
					"$(inherited)",
					"@executable_path/Frameworks",
					"@loader_path/Frameworks",
				);
				PRODUCT_BUNDLE_IDENTIFIER = codepgq.LoginMuduleUITests;
				PRODUCT_NAME = "$(TARGET_NAME)";
				SWIFT_VERSION = 5.0;
				TARGETED_DEVICE_FAMILY = "1,2";
				TEST_TARGET_NAME = LoginMudule;
			};
			name = Debug;
		};
		60579577228ADD1E00B99006 /* Release */ = {
			isa = XCBuildConfiguration;
			buildSettings = {
				ALWAYS_EMBED_SWIFT_STANDARD_LIBRARIES = YES;
				CODE_SIGN_STYLE = Automatic;
				DEVELOPMENT_TEAM = B2BXA8AH8F;
				INFOPLIST_FILE = LoginMuduleUITests/Info.plist;
				LD_RUNPATH_SEARCH_PATHS = (
					"$(inherited)",
					"@executable_path/Frameworks",
					"@loader_path/Frameworks",
				);
				PRODUCT_BUNDLE_IDENTIFIER = codepgq.LoginMuduleUITests;
				PRODUCT_NAME = "$(TARGET_NAME)";
				SWIFT_VERSION = 5.0;
				TARGETED_DEVICE_FAMILY = "1,2";
				TEST_TARGET_NAME = LoginMudule;
			};
			name = Release;
		};
/* End XCBuildConfiguration section */

/* Begin XCConfigurationList section */
		60579525228ADC3800B99006 /* Build configuration list for PBXProject "Setting" */ = {
			isa = XCConfigurationList;
			buildConfigurations = (
				6057953D228ADC3900B99006 /* Debug */,
				6057953E228ADC3900B99006 /* Release */,
			);
			defaultConfigurationIsVisible = 0;
			defaultConfigurationName = Release;
		};
		6057953F228ADC3900B99006 /* Build configuration list for PBXNativeTarget "Setting" */ = {
			isa = XCConfigurationList;
			buildConfigurations = (
				60579540228ADC3900B99006 /* Debug */,
				60579541228ADC3900B99006 /* Release */,
			);
			defaultConfigurationIsVisible = 0;
			defaultConfigurationName = Release;
		};
		60579542228ADC3900B99006 /* Build configuration list for PBXNativeTarget "SettingTests" */ = {
			isa = XCConfigurationList;
			buildConfigurations = (
				60579543228ADC3900B99006 /* Debug */,
				60579544228ADC3900B99006 /* Release */,
			);
			defaultConfigurationIsVisible = 0;
			defaultConfigurationName = Release;
		};
		6057956F228ADD1E00B99006 /* Build configuration list for PBXNativeTarget "LoginMudule" */ = {
			isa = XCConfigurationList;
			buildConfigurations = (
				60579570228ADD1E00B99006 /* Debug */,
				60579571228ADD1E00B99006 /* Release */,
			);
			defaultConfigurationIsVisible = 0;
			defaultConfigurationName = Release;
		};
		60579572228ADD1E00B99006 /* Build configuration list for PBXNativeTarget "LoginMuduleTests" */ = {
			isa = XCConfigurationList;
			buildConfigurations = (
				60579573228ADD1E00B99006 /* Debug */,
				60579574228ADD1E00B99006 /* Release */,
			);
			defaultConfigurationIsVisible = 0;
			defaultConfigurationName = Release;
		};
		60579575228ADD1E00B99006 /* Build configuration list for PBXNativeTarget "LoginMuduleUITests" */ = {
			isa = XCConfigurationList;
			buildConfigurations = (
				60579576228ADD1E00B99006 /* Debug */,
				60579577228ADD1E00B99006 /* Release */,
			);
			defaultConfigurationIsVisible = 0;
			defaultConfigurationName = Release;
		};
/* End XCConfigurationList section */
	};
	rootObject = 60579522228ADC3800B99006 /* Project object */;
}
